
Microsoft Visual Studio Solution File, Format Version 12.00
# Visual Studio Version 17
VisualStudioVersion = 17.0.32126.317
MinimumVisualStudioVersion = 10.0.40219.1
Project("{FAE04EC0-301F-11D3-BF4B-00C04F79EFBC}") = "IndexerTestWPF", "IndexerTestWPF\IndexerTestWPF.csproj", "{F8DCB62E-8D65-499C-AE2F-383DBA07C580}"
EndProject
Global
	GlobalSection(SolutionConfigurationPlatforms) = preSolution
		Debug|Any CPU = Debug|Any CPU
		Release|Any CPU = Release|Any CPU
	EndGlobalSection
	GlobalSection(ProjectConfigurationPlatforms) = postSolution
		{F8DCB62E-8D65-499C-AE2F-383DBA07C580}.Debug|Any CPU.ActiveCfg = Debug|Any CPU
		{F8DCB62E-8D65-499C-AE2F-383DBA07C580}.Debug|Any CPU.Build.0 = Debug|Any CPU
		{F8DCB62E-8D65-499C-AE2F-383DBA07C580}.Release|Any CPU.ActiveCfg = Release|Any CPU
		{F8DCB62E-8D65-499C-AE2F-383DBA07C580}.Release|Any CPU.Build.0 = Release|Any CPU
	EndGlobalSection
	GlobalSection(SolutionProperties) = preSolution
		HideSolutionNode = FALSE
	EndGlobalSection
	GlobalSection(ExtensibilityGlobals) = postSolution
		SolutionGuid = {DD53CEAA-8CDD-47AC-97A0-144559EF6E5A}
	EndGlobalSection
EndGlobal
